
Microsoft Visual Studio Solution File, Format Version 12.00
# Visual Studio Version 16
VisualStudioVersion = 16.0.29709.97
MinimumVisualStudioVersion = 10.0.40219.1
Project("{FAE04EC0-301F-11D3-BF4B-00C04F79EFBC}") = "ПР-02", "ПР-02.csproj", "{C65F7377-4075-4CDD-AC8C-003AF705ABED}"
EndProject
Global
	GlobalSection(SolutionConfigurationPlatforms) = preSolution
		Debug|Any CPU = Debug|Any CPU
		Release|Any CPU = Release|Any CPU
	EndGlobalSection
	GlobalSection(ProjectConfigurationPlatforms) = postSolution
		{C65F7377-4075-4CDD-AC8C-003AF705ABED}.Debug|Any CPU.ActiveCfg = Debug|Any CPU
		{C65F7377-4075-4CDD-AC8C-003AF705ABED}.Debug|Any CPU.Build.0 = Debug|Any CPU
		{C65F7377-4075-4CDD-AC8C-003AF705ABED}.Release|Any CPU.ActiveCfg = Release|Any CPU
		{C65F7377-4075-4CDD-AC8C-003AF705ABED}.Release|Any CPU.Build.0 = Release|Any CPU
	EndGlobalSection
	GlobalSection(SolutionProperties) = preSolution
		HideSolutionNode = FALSE
	EndGlobalSection
	GlobalSection(ExtensibilityGlobals) = postSolution
		SolutionGuid = {05F25CF4-0EDE-4F4B-A063-E521C24A0E00}
	EndGlobalSection
EndGlobal
